
Microsoft Visual Studio Solution File, Format Version 12.00
# Visual Studio Version 17
VisualStudioVersion = 17.5.33414.496
MinimumVisualStudioVersion = 10.0.40219.1
Project("{FAE04EC0-301F-11D3-BF4B-00C04F79EFBC}") = "TpHome", "test\TpHome.csproj", "{78A4B2DF-3B0B-4A84-89E3-613FE9AA714D}"
EndProject
Global
	GlobalSection(SolutionConfigurationPlatforms) = preSolution
		Debug|Any CPU = Debug|Any CPU
		Release|Any CPU = Release|Any CPU
	EndGlobalSection
	GlobalSection(ProjectConfigurationPlatforms) = postSolution
		{78A4B2DF-3B0B-4A84-89E3-613FE9AA714D}.Debug|Any CPU.ActiveCfg = Debug|Any CPU
		{78A4B2DF-3B0B-4A84-89E3-613FE9AA714D}.Debug|Any CPU.Build.0 = Debug|Any CPU
		{78A4B2DF-3B0B-4A84-89E3-613FE9AA714D}.Release|Any CPU.ActiveCfg = Release|Any CPU
		{78A4B2DF-3B0B-4A84-89E3-613FE9AA714D}.Release|Any CPU.Build.0 = Release|Any CPU
	EndGlobalSection
	GlobalSection(SolutionProperties) = preSolution
		HideSolutionNode = FALSE
	EndGlobalSection
	GlobalSection(ExtensibilityGlobals) = postSolution
		SolutionGuid = {A346180A-3F92-4E7D-9B5C-A188624DCB9A}
	EndGlobalSection
EndGlobal
